
Microsoft Visual Studio Solution File, Format Version 12.00
# Visual Studio Version 17
VisualStudioVersion = 17.8.34330.188
MinimumVisualStudioVersion = 10.0.40219.1
Project("{FAE04EC0-301F-11D3-BF4B-00C04F79EFBC}") = "Commuting", "Commuting.csproj", "{5EFC8A7C-F99A-4060-942B-0C1735AA3652}"
EndProject
Global
	GlobalSection(SolutionConfigurationPlatforms) = preSolution
		Debug|Any CPU = Debug|Any CPU
		Release|Any CPU = Release|Any CPU
	EndGlobalSection
	GlobalSection(ProjectConfigurationPlatforms) = postSolution
		{5EFC8A7C-F99A-4060-942B-0C1735AA3652}.Debug|Any CPU.ActiveCfg = Debug|Any CPU
		{5EFC8A7C-F99A-4060-942B-0C1735AA3652}.Debug|Any CPU.Build.0 = Debug|Any CPU
		{5EFC8A7C-F99A-4060-942B-0C1735AA3652}.Release|Any CPU.ActiveCfg = Release|Any CPU
		{5EFC8A7C-F99A-4060-942B-0C1735AA3652}.Release|Any CPU.Build.0 = Release|Any CPU
	EndGlobalSection
	GlobalSection(SolutionProperties) = preSolution
		HideSolutionNode = FALSE
	EndGlobalSection
	GlobalSection(ExtensibilityGlobals) = postSolution
		SolutionGuid = {108D5959-2FCA-4DCF-B14D-DDE81CA91B55}
	EndGlobalSection
EndGlobal
